
Microsoft Visual Studio Solution File, Format Version 12.00
# Visual Studio Version 17
VisualStudioVersion = 17.5.002.0
MinimumVisualStudioVersion = 10.0.40219.1
Project("{9A19103F-16F7-4668-BE54-9A1E7A4F7556}") = "SimpleFiniteState", "SimpleFiniteState.csproj", "{D2D60FDE-1B78-46F3-9F2F-6EBB5AE31988}"
EndProject
Global
	GlobalSection(SolutionConfigurationPlatforms) = preSolution
		Debug|Any CPU = Debug|Any CPU
		Release|Any CPU = Release|Any CPU
	EndGlobalSection
	GlobalSection(ProjectConfigurationPlatforms) = postSolution
		{D2D60FDE-1B78-46F3-9F2F-6EBB5AE31988}.Debug|Any CPU.ActiveCfg = Debug|Any CPU
		{D2D60FDE-1B78-46F3-9F2F-6EBB5AE31988}.Debug|Any CPU.Build.0 = Debug|Any CPU
		{D2D60FDE-1B78-46F3-9F2F-6EBB5AE31988}.Release|Any CPU.ActiveCfg = Release|Any CPU
		{D2D60FDE-1B78-46F3-9F2F-6EBB5AE31988}.Release|Any CPU.Build.0 = Release|Any CPU
	EndGlobalSection
	GlobalSection(SolutionProperties) = preSolution
		HideSolutionNode = FALSE
	EndGlobalSection
	GlobalSection(ExtensibilityGlobals) = postSolution
		SolutionGuid = {949D5D51-F909-4FAB-A5E1-19AF05332D20}
	EndGlobalSection
EndGlobal
